
Microsoft Visual Studio Solution File, Format Version 12.00
# Visual Studio Version 17
VisualStudioVersion = 17.4.33403.182
MinimumVisualStudioVersion = 10.0.40219.1
Project("{FAE04EC0-301F-11D3-BF4B-00C04F79EFBC}") = "MVC_Core_WebApp", "MVC_Core_WebApp\MVC_Core_WebApp.csproj", "{C554F46A-6462-487A-9F33-4EE0D7C8D0EA}"
EndProject
Global
	GlobalSection(SolutionConfigurationPlatforms) = preSolution
		Debug|Any CPU = Debug|Any CPU
		Release|Any CPU = Release|Any CPU
	EndGlobalSection
	GlobalSection(ProjectConfigurationPlatforms) = postSolution
		{C554F46A-6462-487A-9F33-4EE0D7C8D0EA}.Debug|Any CPU.ActiveCfg = Debug|Any CPU
		{C554F46A-6462-487A-9F33-4EE0D7C8D0EA}.Debug|Any CPU.Build.0 = Debug|Any CPU
		{C554F46A-6462-487A-9F33-4EE0D7C8D0EA}.Release|Any CPU.ActiveCfg = Release|Any CPU
		{C554F46A-6462-487A-9F33-4EE0D7C8D0EA}.Release|Any CPU.Build.0 = Release|Any CPU
	EndGlobalSection
	GlobalSection(SolutionProperties) = preSolution
		HideSolutionNode = FALSE
	EndGlobalSection
	GlobalSection(ExtensibilityGlobals) = postSolution
		SolutionGuid = {8975B13E-597F-44E3-8D78-F3EEA09738E8}
	EndGlobalSection
EndGlobal
